
Microsoft Visual Studio Solution File, Format Version 12.00
# Visual Studio 2013
VisualStudioVersion = 12.0.30501.0
MinimumVisualStudioVersion = 10.0.40219.1
Project("{FAE04EC0-301F-11D3-BF4B-00C04F79EFBC}") = "Hotel Booking System", "Hotel Booking System\Hotel Booking System.csproj", "{CF7BE286-0F81-4D17-9F01-6CB25472F363}"
EndProject
Global
	GlobalSection(SolutionConfigurationPlatforms) = preSolution
		Debug|Any CPU = Debug|Any CPU
		Release|Any CPU = Release|Any CPU
		Description = Система управленя отелем. Включает в себя базовые возможности управления бронированием, управление клиентами и управление финансами.
	EndGlobalSection
	GlobalSection(ProjectConfigurationPlatforms) = postSolution
		{CF7BE286-0F81-4D17-9F01-6CB25472F363}.Debug|Any CPU.ActiveCfg = Debug|Any CPU
		{CF7BE286-0F81-4D17-9F01-6CB25472F363}.Debug|Any CPU.Build.0 = Debug|Any CPU
		{CF7BE286-0F81-4D17-9F01-6CB25472F363}.Release|Any CPU.ActiveCfg = Release|Any CPU
		{CF7BE286-0F81-4D17-9F01-6CB25472F363}.Release|Any CPU.Build.0 = Release|Any CPU
	EndGlobalSection
	GlobalSection(SolutionProperties) = preSolution
		HideSolutionNode = FALSE
	EndGlobalSection
EndGlobal
